// !$*UTF8*$!
{
	archiveVersion = 1;
	classes = {
	};
	objectVersion = 52;
	objects = {

/* Begin PBXBuildFile section */
		04058FBB26504EFF009AE22F /* Characters.swift in Sources */ = {isa = PBXBuildFile; fileRef = 04058FBA26504EFF009AE22F /* Characters.swift */; };
		040AED36264C8B5100E7F1C5 /* Alamofire in Frameworks */ = {isa = PBXBuildFile; productRef = 040AED35264C8B5100E7F1C5 /* Alamofire */; };
		044552D4264EEF6300837E3B /* Kingfisher in Frameworks */ = {isa = PBXBuildFile; productRef = 044552D3264EEF6300837E3B /* Kingfisher */; };
		044B123A264C84C0003533FC /* AppDelegate.swift in Sources */ = {isa = PBXBuildFile; fileRef = 044B1239264C84C0003533FC /* AppDelegate.swift */; };
		044B123C264C84C0003533FC /* SceneDelegate.swift in Sources */ = {isa = PBXBuildFile; fileRef = 044B123B264C84C0003533FC /* SceneDelegate.swift */; };
		044B123E264C84C0003533FC /* ViewController.swift in Sources */ = {isa = PBXBuildFile; fileRef = 044B123D264C84C0003533FC /* ViewController.swift */; };
		044B1241264C84C0003533FC /* Main.storyboard in Resources */ = {isa = PBXBuildFile; fileRef = 044B123F264C84C0003533FC /* Main.storyboard */; };
		044B1243264C84C5003533FC /* Assets.xcassets in Resources */ = {isa = PBXBuildFile; fileRef = 044B1242264C84C5003533FC /* Assets.xcassets */; };
		044B1246264C84C5003533FC /* LaunchScreen.storyboard in Resources */ = {isa = PBXBuildFile; fileRef = 044B1244264C84C5003533FC /* LaunchScreen.storyboard */; };
		04B52661264DB034009D7DD3 /* APIService.swift in Sources */ = {isa = PBXBuildFile; fileRef = 04B52660264DB034009D7DD3 /* APIService.swift */; };
/* End PBXBuildFile section */

/* Begin PBXFileReference section */
		04058FBA26504EFF009AE22F /* Characters.swift */ = {isa = PBXFileReference; lastKnownFileType = sourcecode.swift; path = Characters.swift; sourceTree = "<group>"; };
		040AED30264C8AC000E7F1C5 /* APIMarvel copy-Info.plist */ = {isa = PBXFileReference; lastKnownFileType = text.plist.xml; name = "APIMarvel copy-Info.plist"; path = "/Users/mac/Downloads/APIMarvel/APIMarvel copy-Info.plist"; sourceTree = "<absolute>"; };
		044B1236264C84BF003533FC /* APIMarvel.app */ = {isa = PBXFileReference; explicitFileType = wrapper.application; includeInIndex = 0; path = APIMarvel.app; sourceTree = BUILT_PRODUCTS_DIR; };
		044B1239264C84C0003533FC /* AppDelegate.swift */ = {isa = PBXFileReference; lastKnownFileType = sourcecode.swift; path = AppDelegate.swift; sourceTree = "<group>"; };
		044B123B264C84C0003533FC /* SceneDelegate.swift */ = {isa = PBXFileReference; lastKnownFileType = sourcecode.swift; path = SceneDelegate.swift; sourceTree = "<group>"; };
		044B123D264C84C0003533FC /* ViewController.swift */ = {isa = PBXFileReference; lastKnownFileType = sourcecode.swift; path = ViewController.swift; sourceTree = "<group>"; };
		044B1240264C84C0003533FC /* Base */ = {isa = PBXFileReference; lastKnownFileType = file.storyboard; name = Base; path = Base.lproj/Main.storyboard; sourceTree = "<group>"; };
		044B1242264C84C5003533FC /* Assets.xcassets */ = {isa = PBXFileReference; lastKnownFileType = folder.assetcatalog; path = Assets.xcassets; sourceTree = "<group>"; };
		044B1245264C84C5003533FC /* Base */ = {isa = PBXFileReference; lastKnownFileType = file.storyboard; name = Base; path = Base.lproj/LaunchScreen.storyboard; sourceTree = "<group>"; };
		044B1247264C84C5003533FC /* Info.plist */ = {isa = PBXFileReference; lastKnownFileType = text.plist.xml; path = Info.plist; sourceTree = "<group>"; };
		04B52660264DB034009D7DD3 /* APIService.swift */ = {isa = PBXFileReference; lastKnownFileType = sourcecode.swift; path = APIService.swift; sourceTree = "<group>"; };
/* End PBXFileReference section */

/* Begin PBXFrameworksBuildPhase section */
		044B1233264C84BF003533FC /* Frameworks */ = {
			isa = PBXFrameworksBuildPhase;
			buildActionMask = 2147483647;
			files = (
				044552D4264EEF6300837E3B /* Kingfisher in Frameworks */,
				040AED36264C8B5100E7F1C5 /* Alamofire in Frameworks */,
			);
			runOnlyForDeploymentPostprocessing = 0;
		};
/* End PBXFrameworksBuildPhase section */

/* Begin PBXGroup section */
		044B122D264C84BF003533FC = {
			isa = PBXGroup;
			children = (
				044B1238264C84C0003533FC /* APIMarvel */,
				044B1237264C84C0003533FC /* Products */,
				040AED30264C8AC000E7F1C5 /* APIMarvel copy-Info.plist */,
			);
			sourceTree = "<group>";
		};
		044B1237264C84C0003533FC /* Products */ = {
			isa = PBXGroup;
			children = (
				044B1236264C84BF003533FC /* APIMarvel.app */,
			);
			name = Products;
			sourceTree = "<group>";
		};
		044B1238264C84C0003533FC /* APIMarvel */ = {
			isa = PBXGroup;
			children = (
				04B52657264DAEFF009D7DD3 /* Network */,
				044B1239264C84C0003533FC /* AppDelegate.swift */,
				044B123B264C84C0003533FC /* SceneDelegate.swift */,
				044B123D264C84C0003533FC /* ViewController.swift */,
				044B123F264C84C0003533FC /* Main.storyboard */,
				044B1242264C84C5003533FC /* Assets.xcassets */,
				044B1244264C84C5003533FC /* LaunchScreen.storyboard */,
				044B1247264C84C5003533FC /* Info.plist */,
			);
			path = APIMarvel;
			sourceTree = "<group>";
		};
		04B52657264DAEFF009D7DD3 /* Network */ = {
			isa = PBXGroup;
			children = (
				04B52660264DB034009D7DD3 /* APIService.swift */,
				04058FBA26504EFF009AE22F /* Characters.swift */,
			);
			path = Network;
			sourceTree = "<group>";
		};
/* End PBXGroup section */

/* Begin PBXNativeTarget section */
		044B1235264C84BF003533FC /* APIMarvel */ = {
			isa = PBXNativeTarget;
			buildConfigurationList = 044B124A264C84C5003533FC /* Build configuration list for PBXNativeTarget "APIMarvel" */;
			buildPhases = (
				044B1232264C84BF003533FC /* Sources */,
				044B1233264C84BF003533FC /* Frameworks */,
				044B1234264C84BF003533FC /* Resources */,
			);
			buildRules = (
			);
			dependencies = (
			);
			name = APIMarvel;
			packageProductDependencies = (
				040AED35264C8B5100E7F1C5 /* Alamofire */,
				044552D3264EEF6300837E3B /* Kingfisher */,
			);
			productName = APIMarvel;
			productReference = 044B1236264C84BF003533FC /* APIMarvel.app */;
			productType = "com.apple.product-type.application";
		};
/* End PBXNativeTarget section */

/* Begin PBXProject section */
		044B122E264C84BF003533FC /* Project object */ = {
			isa = PBXProject;
			attributes = {
				LastSwiftUpdateCheck = 1240;
				LastUpgradeCheck = 1240;
				TargetAttributes = {
					044B1235264C84BF003533FC = {
						CreatedOnToolsVersion = 12.4;
					};
				};
			};
			buildConfigurationList = 044B1231264C84BF003533FC /* Build configuration list for PBXProject "APIMarvel" */;
			compatibilityVersion = "Xcode 9.3";
			developmentRegion = en;
			hasScannedForEncodings = 0;
			knownRegions = (
				en,
				Base,
			);
			mainGroup = 044B122D264C84BF003533FC;
			packageReferences = (
				040AED34264C8B5100E7F1C5 /* XCRemoteSwiftPackageReference "Alamofire" */,
				044552D2264EEF6300837E3B /* XCRemoteSwiftPackageReference "Kingfisher" */,
			);
			productRefGroup = 044B1237264C84C0003533FC /* Products */;
			projectDirPath = "";
			projectRoot = "";
			targets = (
				044B1235264C84BF003533FC /* APIMarvel */,
			);
		};
/* End PBXProject section */

/* Begin PBXResourcesBuildPhase section */
		044B1234264C84BF003533FC /* Resources */ = {
			isa = PBXResourcesBuildPhase;
			buildActionMask = 2147483647;
			files = (
				044B1246264C84C5003533FC /* LaunchScreen.storyboard in Resources */,
				044B1243264C84C5003533FC /* Assets.xcassets in Resources */,
				044B1241264C84C0003533FC /* Main.storyboard in Resources */,
			);
			runOnlyForDeploymentPostprocessing = 0;
		};
/* End PBXResourcesBuildPhase section */

/* Begin PBXSourcesBuildPhase section */
		044B1232264C84BF003533FC /* Sources */ = {
			isa = PBXSourcesBuildPhase;
			buildActionMask = 2147483647;
			files = (
				044B123E264C84C0003533FC /* ViewController.swift in Sources */,
				044B123A264C84C0003533FC /* AppDelegate.swift in Sources */,
				04B52661264DB034009D7DD3 /* APIService.swift in Sources */,
				044B123C264C84C0003533FC /* SceneDelegate.swift in Sources */,
				04058FBB26504EFF009AE22F /* Characters.swift in Sources */,
			);
			runOnlyForDeploymentPostprocessing = 0;
		};
/* End PBXSourcesBuildPhase section */

/* Begin PBXVariantGroup section */
		044B123F264C84C0003533FC /* Main.storyboard */ = {
			isa = PBXVariantGroup;
			children = (
				044B1240264C84C0003533FC /* Base */,
			);
			name = Main.storyboard;
			sourceTree = "<group>";
		};
		044B1244264C84C5003533FC /* LaunchScreen.storyboard */ = {
			isa = PBXVariantGroup;
			children = (
				044B1245264C84C5003533FC /* Base */,
			);
			name = LaunchScreen.storyboard;
			sourceTree = "<group>";
		};
/* End PBXVariantGroup section */

/* Begin XCBuildConfiguration section */
		044B1248264C84C5003533FC /* Debug */ = {
			isa = XCBuildConfiguration;
			buildSettings = {
				ALWAYS_SEARCH_USER_PATHS = NO;
				CLANG_ANALYZER_NONNULL = YES;
				CLANG_ANALYZER_NUMBER_OBJECT_CONVERSION = YES_AGGRESSIVE;
				CLANG_CXX_LANGUAGE_STANDARD = "gnu++14";
				CLANG_CXX_LIBRARY = "libc++";
				CLANG_ENABLE_MODULES = YES;
				CLANG_ENABLE_OBJC_ARC = YES;
				CLANG_ENABLE_OBJC_WEAK = YES;
				CLANG_WARN_BLOCK_CAPTURE_AUTORELEASING = YES;
				CLANG_WARN_BOOL_CONVERSION = YES;
				CLANG_WARN_COMMA = YES;
				CLANG_WARN_CONSTANT_CONVERSION = YES;
				CLANG_WARN_DEPRECATED_OBJC_IMPLEMENTATIONS = YES;
				CLANG_WARN_DIRECT_OBJC_ISA_USAGE = YES_ERROR;
				CLANG_WARN_DOCUMENTATION_COMMENTS = YES;
				CLANG_WARN_EMPTY_BODY = YES;
				CLANG_WARN_ENUM_CONVERSION = YES;
				CLANG_WARN_INFINITE_RECURSION = YES;
				CLANG_WARN_INT_CONVERSION = YES;
				CLANG_WARN_NON_LITERAL_NULL_CONVERSION = YES;
				CLANG_WARN_OBJC_IMPLICIT_RETAIN_SELF = YES;
				CLANG_WARN_OBJC_LITERAL_CONVERSION = YES;
				CLANG_WARN_OBJC_ROOT_CLASS = YES_ERROR;
				CLANG_WARN_QUOTED_INCLUDE_IN_FRAMEWORK_HEADER = YES;
				CLANG_WARN_RANGE_LOOP_ANALYSIS = YES;
				CLANG_WARN_STRICT_PROTOTYPES = YES;
				CLANG_WARN_SUSPICIOUS_MOVE = YES;
				CLANG_WARN_UNGUARDED_AVAILABILITY = YES_AGGRESSIVE;
				CLANG_WARN_UNREACHABLE_CODE = YES;
				CLANG_WARN__DUPLICATE_METHOD_MATCH = YES;
				COPY_PHASE_STRIP = NO;
				DEBUG_INFORMATION_FORMAT = dwarf;
				ENABLE_STRICT_OBJC_MSGSEND = YES;
				ENABLE_TESTABILITY = YES;
				GCC_C_LANGUAGE_STANDARD = gnu11;
				GCC_DYNAMIC_NO_PIC = NO;
				GCC_NO_COMMON_BLOCKS = YES;
				GCC_OPTIMIZATION_LEVEL = 0;
				GCC_PREPROCESSOR_DEFINITIONS = (
					"DEBUG=1",
					"$(inherited)",
				);
				GCC_WARN_64_TO_32_BIT_CONVERSION = YES;
				GCC_WARN_ABOUT_RETURN_TYPE = YES_ERROR;
				GCC_WARN_UNDECLARED_SELECTOR = YES;
				GCC_WARN_UNINITIALIZED_AUTOS = YES_AGGRESSIVE;
				GCC_WARN_UNUSED_FUNCTION = YES;
				GCC_WARN_UNUSED_VARIABLE = YES;
				IPHONEOS_DEPLOYMENT_TARGET = 14.4;
				MTL_ENABLE_DEBUG_INFO = INCLUDE_SOURCE;
				MTL_FAST_MATH = YES;
				ONLY_ACTIVE_ARCH = YES;
				SDKROOT = iphoneos;
				SWIFT_ACTIVE_COMPILATION_CONDITIONS = DEBUG;
				SWIFT_OPTIMIZATION_LEVEL = "-Onone";
			};
			name = Debug;
		};
		044B1249264C84C5003533FC /* Release */ = {
			isa = XCBuildConfiguration;
			buildSettings = {
				ALWAYS_SEARCH_USER_PATHS = NO;
				CLANG_ANALYZER_NONNULL = YES;
				CLANG_ANALYZER_NUMBER_OBJECT_CONVERSION = YES_AGGRESSIVE;
				CLANG_CXX_LANGUAGE_STANDARD = "gnu++14";
				CLANG_CXX_LIBRARY = "libc++";
				CLANG_ENABLE_MODULES = YES;
				CLANG_ENABLE_OBJC_ARC = YES;
				CLANG_ENABLE_OBJC_WEAK = YES;
				CLANG_WARN_BLOCK_CAPTURE_AUTORELEASING = YES;
				CLANG_WARN_BOOL_CONVERSION = YES;
				CLANG_WARN_COMMA = YES;
				CLANG_WARN_CONSTANT_CONVERSION = YES;
				CLANG_WARN_DEPRECATED_OBJC_IMPLEMENTATIONS = YES;
				CLANG_WARN_DIRECT_OBJC_ISA_USAGE = YES_ERROR;
				CLANG_WARN_DOCUMENTATION_COMMENTS = YES;
				CLANG_WARN_EMPTY_BODY = YES;
				CLANG_WARN_ENUM_CONVERSION = YES;
				CLANG_WARN_INFINITE_RECURSION = YES;
				CLANG_WARN_INT_CONVERSION = YES;
				CLANG_WARN_NON_LITERAL_NULL_CONVERSION = YES;
				CLANG_WARN_OBJC_IMPLICIT_RETAIN_SELF = YES;
				CLANG_WARN_OBJC_LITERAL_CONVERSION = YES;
				CLANG_WARN_OBJC_ROOT_CLASS = YES_ERROR;
				CLANG_WARN_QUOTED_INCLUDE_IN_FRAMEWORK_HEADER = YES;
				CLANG_WARN_RANGE_LOOP_ANALYSIS = YES;
				CLANG_WARN_STRICT_PROTOTYPES = YES;
				CLANG_WARN_SUSPICIOUS_MOVE = YES;
				CLANG_WARN_UNGUARDED_AVAILABILITY = YES_AGGRESSIVE;
				CLANG_WARN_UNREACHABLE_CODE = YES;
				CLANG_WARN__DUPLICATE_METHOD_MATCH = YES;
				COPY_PHASE_STRIP = NO;
				DEBUG_INFORMATION_FORMAT = "dwarf-with-dsym";
				ENABLE_NS_ASSERTIONS = NO;
				ENABLE_STRICT_OBJC_MSGSEND = YES;
				GCC_C_LANGUAGE_STANDARD = gnu11;
				GCC_NO_COMMON_BLOCKS = YES;
				GCC_WARN_64_TO_32_BIT_CONVERSION = YES;
				GCC_WARN_ABOUT_RETURN_TYPE = YES_ERROR;
				GCC_WARN_UNDECLARED_SELECTOR = YES;
				GCC_WARN_UNINITIALIZED_AUTOS = YES_AGGRESSIVE;
				GCC_WARN_UNUSED_FUNCTION = YES;
				GCC_WARN_UNUSED_VARIABLE = YES;
				IPHONEOS_DEPLOYMENT_TARGET = 14.4;
				MTL_ENABLE_DEBUG_INFO = NO;
				MTL_FAST_MATH = YES;
				SDKROOT = iphoneos;
				SWIFT_COMPILATION_MODE = wholemodule;
				SWIFT_OPTIMIZATION_LEVEL = "-O";
				VALIDATE_PRODUCT = YES;
			};
			name = Release;
		};
		044B124B264C84C5003533FC /* Debug */ = {
			isa = XCBuildConfiguration;
			buildSettings = {
				ASSETCATALOG_COMPILER_APPICON_NAME = AppIcon;
				ASSETCATALOG_COMPILER_GLOBAL_ACCENT_COLOR_NAME = AccentColor;
				CODE_SIGN_STYLE = Automatic;
				INFOPLIST_FILE = APIMarvel/Info.plist;
				LD_RUNPATH_SEARCH_PATHS = (
					"$(inherited)",
					"@executable_path/Frameworks",
				);
				PRODUCT_BUNDLE_IDENTIFIER = "Beatriz-Souza.APIMarvel";
				PRODUCT_NAME = "$(TARGET_NAME)";
				SWIFT_VERSION = 5.0;
				TARGETED_DEVICE_FAMILY = "1,2";
			};
			name = Debug;
		};
		044B124C264C84C5003533FC /* Release */ = {
			isa = XCBuildConfiguration;
			buildSettings = {
				ASSETCATALOG_COMPILER_APPICON_NAME = AppIcon;
				ASSETCATALOG_COMPILER_GLOBAL_ACCENT_COLOR_NAME = AccentColor;
				CODE_SIGN_STYLE = Automatic;
				INFOPLIST_FILE = APIMarvel/Info.plist;
				LD_RUNPATH_SEARCH_PATHS = (
					"$(inherited)",
					"@executable_path/Frameworks",
				);
				PRODUCT_BUNDLE_IDENTIFIER = "Beatriz-Souza.APIMarvel";
				PRODUCT_NAME = "$(TARGET_NAME)";
				SWIFT_VERSION = 5.0;
				TARGETED_DEVICE_FAMILY = "1,2";
			};
			name = Release;
		};
/* End XCBuildConfiguration section */

/* Begin XCConfigurationList section */
		044B1231264C84BF003533FC /* Build configuration list for PBXProject "APIMarvel" */ = {
			isa = XCConfigurationList;
			buildConfigurations = (
				044B1248264C84C5003533FC /* Debug */,
				044B1249264C84C5003533FC /* Release */,
			);
			defaultConfigurationIsVisible = 0;
			defaultConfigurationName = Release;
		};
		044B124A264C84C5003533FC /* Build configuration list for PBXNativeTarget "APIMarvel" */ = {
			isa = XCConfigurationList;
			buildConfigurations = (
				044B124B264C84C5003533FC /* Debug */,
				044B124C264C84C5003533FC /* Release */,
			);
			defaultConfigurationIsVisible = 0;
			defaultConfigurationName = Release;
		};
/* End XCConfigurationList section */

/* Begin XCRemoteSwiftPackageReference section */
		040AED34264C8B5100E7F1C5 /* XCRemoteSwiftPackageReference "Alamofire" */ = {
			isa = XCRemoteSwiftPackageReference;
			repositoryURL = "https://github.com/Alamofire/Alamofire.git";
			requirement = {
				kind = upToNextMajorVersion;
				minimumVersion = 5.4.3;
			};
		};
		044552D2264EEF6300837E3B /* XCRemoteSwiftPackageReference "Kingfisher" */ = {
			isa = XCRemoteSwiftPackageReference;
			repositoryURL = "https://github.com/onevcat/Kingfisher.git";
			requirement = {
				kind = upToNextMajorVersion;
				minimumVersion = 6.3.0;
			};
		};
/* End XCRemoteSwiftPackageReference section */

/* Begin XCSwiftPackageProductDependency section */
		040AED35264C8B5100E7F1C5 /* Alamofire */ = {
			isa = XCSwiftPackageProductDependency;
			package = 040AED34264C8B5100E7F1C5 /* XCRemoteSwiftPackageReference "Alamofire" */;
			productName = Alamofire;
		};
		044552D3264EEF6300837E3B /* Kingfisher */ = {
			isa = XCSwiftPackageProductDependency;
			package = 044552D2264EEF6300837E3B /* XCRemoteSwiftPackageReference "Kingfisher" */;
			productName = Kingfisher;
		};
/* End XCSwiftPackageProductDependency section */
	};
	rootObject = 044B122E264C84BF003533FC /* Project object */;
}
